{
  "version": "5",
  "specifiers": {
    "jsr:@deno/gfm@0.11": "0.11.0",
    "jsr:@denosaurs/emoji@~0.3.1": "0.3.1",
    "jsr:@std/cli@^1.0.20": "1.0.20",
    "jsr:@std/collections@^1.1.1": "1.1.1",
    "jsr:@std/encoding@^1.0.10": "1.0.10",
    "jsr:@std/fmt@^1.0.8": "1.0.8",
    "jsr:@std/front-matter@^1.0.9": "1.0.9",
    "jsr:@std/fs@^1.0.18": "1.0.18",
    "jsr:@std/html@^1.0.4": "1.0.4",
    "jsr:@std/http@^1.0.17": "1.0.18",
    "jsr:@std/media-types@^1.1.0": "1.1.0",
    "jsr:@std/net@^1.0.4": "1.0.4",
    "jsr:@std/path@^1.1.0": "1.1.0",
    "jsr:@std/streams@^1.0.10": "1.0.10",
    "jsr:@std/toml@^1.0.3": "1.0.8",
    "jsr:@std/yaml@^1.0.5": "1.0.8",
    "npm:cheerio_cms@*": "1.0.0",
    "npm:cheerio_cms@1": "1.0.0",
    "npm:eta@^3.5.0": "3.5.0",
    "npm:github-slugger@2": "2.0.0",
    "npm:he@^1.2.0": "1.2.0",
    "npm:katex@0.16": "0.16.22",
    "npm:livecodes@~0.11.1": "0.11.1",
    "npm:marked-alert@2": "2.1.2_marked@12.0.2",
    "npm:marked-footnote@^1.2.0": "1.2.4_marked@12.0.2",
    "npm:marked-gfm-heading-id@^3.1.0": "3.2.0_marked@12.0.2",
    "npm:marked@12": "12.0.2",
    "npm:prismjs@^1.29.0": "1.30.0",
    "npm:puppeteer@*": "24.10.1_devtools-protocol@0.0.1452169",
    "npm:puppeteer@^24.10.1": "24.10.1_devtools-protocol@0.0.1452169",
    "npm:sanitize-html@^2.13.0": "2.17.0"
  },
  "jsr": {
    "@deno/gfm@0.11.0": {
      "integrity": "ddadbfca6c1281729783612e4b0b2166b6543c1c49cc106b80911f4dc4087abc",
      "dependencies": [
        "jsr:@denosaurs/emoji",
        "npm:github-slugger",
        "npm:he",
        "npm:katex",
        "npm:marked",
        "npm:marked-alert",
        "npm:marked-footnote",
        "npm:marked-gfm-heading-id",
        "npm:prismjs",
        "npm:sanitize-html"
      ]
    },
    "@denosaurs/emoji@0.3.1": {
      "integrity": "b0aed5f55dec99e83da7c9637fe0a36d1d6252b7c99deaaa3fc5dea3fcf3da8b"
    },
    "@std/cli@1.0.20": {
      "integrity": "a8c384a2c98cec6ec6a2055c273a916e2772485eb784af0db004c5ab8ba52333"
    },
    "@std/collections@1.1.1": {
      "integrity": "eff6443fbd9d5a6697018fb39c5d13d5f662f0045f21392d640693d0008ab2af"
    },
    "@std/encoding@1.0.10": {
      "integrity": "8783c6384a2d13abd5e9e87a7ae0520a30e9f56aeeaa3bdf910a3eaaf5c811a1"
    },
    "@std/fmt@1.0.8": {
      "integrity": "71e1fc498787e4434d213647a6e43e794af4fd393ef8f52062246e06f7e372b7"
    },
    "@std/front-matter@1.0.9": {
      "integrity": "ee6201d06674cbef137dda2252f62477450b48249e7d8d9ab57a30f85ff6f051",
      "dependencies": [
        "jsr:@std/toml",
        "jsr:@std/yaml"
      ]
    },
    "@std/fs@1.0.18": {
      "integrity": "24bcad99eab1af4fde75e05da6e9ed0e0dce5edb71b7e34baacf86ffe3969f3a"
    },
    "@std/html@1.0.4": {
      "integrity": "eff3497c08164e6ada49b7f81a28b5108087033823153d065e3f89467dd3d50e"
    },
    "@std/http@1.0.18": {
      "integrity": "8d9546aa532c52a0cf318c74616db0638b4c1073405355d1b14f9e1591dccf20",
      "dependencies": [
        "jsr:@std/cli",
        "jsr:@std/encoding",
        "jsr:@std/fmt",
        "jsr:@std/fs",
        "jsr:@std/html",
        "jsr:@std/media-types",
        "jsr:@std/net",
        "jsr:@std/path",
        "jsr:@std/streams"
      ]
    },
    "@std/media-types@1.1.0": {
      "integrity": "c9d093f0c05c3512932b330e3cc1fe1d627b301db33a4c2c2185c02471d6eaa4"
    },
    "@std/net@1.0.4": {
      "integrity": "2f403b455ebbccf83d8a027d29c5a9e3a2452fea39bb2da7f2c04af09c8bc852"
    },
    "@std/path@1.1.0": {
      "integrity": "ddc94f8e3c275627281cbc23341df6b8bcc874d70374f75fec2533521e3d6886"
    },
    "@std/streams@1.0.10": {
      "integrity": "75c0b1431873cd0d8b3d679015220204d36d3c7420d93b60acfc379eb0dc30af"
    },
    "@std/toml@1.0.8": {
      "integrity": "eb8ae76b4cc1c6c13f2a91123675823adbec2380de75cd3748c628960d952164",
      "dependencies": [
        "jsr:@std/collections"
      ]
    },
    "@std/yaml@1.0.8": {
      "integrity": "90b8aab62995e929fa0ea5f4151c287275b63e321ac375c35ff7406ca60c169d"
    }
  },
  "npm": {
    "@babel/code-frame@7.27.1": {
      "integrity": "sha512-cjQ7ZlQ0Mv3b47hABuTevyTuYN4i+loJKGeV9flcCgIK37cCXRh+L1bd3iBHlynerhQ7BhCkn2BPbQUL+rGqFg==",
      "dependencies": [
        "@babel/helper-validator-identifier",
        "js-tokens",
        "picocolors"
      ]
    },
    "@babel/helper-validator-identifier@7.27.1": {
      "integrity": "sha512-D2hP9eA+Sqx1kBZgzxZh0y1trbuU+JoDkiEwqhQ36nodYqJwyEIhPSdMNd7lOm/4io72luTPWH20Yda0xOuUow=="
    },
    "@puppeteer/browsers@2.10.5": {
      "integrity": "sha512-eifa0o+i8dERnngJwKrfp3dEq7ia5XFyoqB17S4gK8GhsQE4/P8nxOfQSE0zQHxzzLo/cmF+7+ywEQ7wK7Fb+w==",
      "dependencies": [
        "debug",
        "extract-zip",
        "progress",
        "proxy-agent",
        "semver",
        "tar-fs",
        "yargs"
      ],
      "bin": true
    },
    "@tootallnate/quickjs-emscripten@0.23.0": {
      "integrity": "sha512-C5Mc6rdnsaJDjO3UpGW/CQTHtCKaYlScZTly4JIu97Jxo/odCiH0ITnDXSJPTOrEKk/ycSZ0AOgTmkDtkOsvIA=="
    },
    "@types/node@22.15.15": {
      "integrity": "sha512-R5muMcZob3/Jjchn5LcO8jdKwSCbzqmPB6ruBxMcf9kbxtniZHP327s6C37iOfuw8mbKK3cAQa7sEl7afLrQ8A==",
      "dependencies": [
        "undici-types"
      ]
    },
    "@types/yauzl@2.10.3": {
      "integrity": "sha512-oJoftv0LSuaDZE3Le4DbKX+KS9G36NzOeSap90UIK0yMA/NhKJhqlSGtNDORNRaIbQfzjXDrQa0ytJ6mNRGz/Q==",
      "dependencies": [
        "@types/node"
      ]
    },
    "agent-base@7.1.3": {
      "integrity": "sha512-jRR5wdylq8CkOe6hei19GGZnxM6rBGwFl3Bg0YItGDimvjGtAvdZk4Pu6Cl4u4Igsws4a1fd1Vq3ezrhn4KmFw=="
    },
    "ansi-regex@5.0.1": {
      "integrity": "sha512-quJQXlTSUGL2LH9SUXo8VwsY4soanhgo6LNSm84E1LBcE8s3O0wpdiRzyR9z/ZZJMlMWv37qOOb9pdJlMUEKFQ=="
    },
    "ansi-styles@4.3.0": {
      "integrity": "sha512-zbB9rCJAT1rbjiVDb2hqKFHNYLxgtk8NURxZ3IZwD3F6NtxbXZQCnnSi1Lkx+IDohdPlFp222wVALIheZJQSEg==",
      "dependencies": [
        "color-convert"
      ]
    },
    "argparse@2.0.1": {
      "integrity": "sha512-8+9WqebbFzpX9OR+Wa6O29asIogeRMzcGtAINdpMHHyAg10f05aSFVBbcEqGf/PXw1EjAZ+q2/bEBg3DvurK3Q=="
    },
    "ast-types@0.13.4": {
      "integrity": "sha512-x1FCFnFifvYDDzTaLII71vG5uvDwgtmDTEVWAxrgeiR8VjMONcCXJx7E+USjDtHlwFmt9MysbqgF9b9Vjr6w+w==",
      "dependencies": [
        "tslib"
      ]
    },
    "b4a@1.6.7": {
      "integrity": "sha512-OnAYlL5b7LEkALw87fUVafQw5rVR9RjwGd4KUwNQ6DrrNmaVaUCgLipfVlzrPQ4tWOR9P0IXGNOx50jYCCdSJg=="
    },
    "bare-events@2.5.4": {
      "integrity": "sha512-+gFfDkR8pj4/TrWCGUGWmJIkBwuxPS5F+a5yWjOHQt2hHvNZd5YLzadjmDUtFmMM4y429bnKLa8bYBMHcYdnQA=="
    },
    "bare-fs@4.1.5_bare-events@2.5.4": {
      "integrity": "sha512-1zccWBMypln0jEE05LzZt+V/8y8AQsQQqxtklqaIyg5nu6OAYFhZxPXinJTSG+kU5qyNmeLgcn9AW7eHiCHVLA==",
      "dependencies": [
        "bare-events",
        "bare-path",
        "bare-stream"
      ]
    },
    "bare-os@3.6.1": {
      "integrity": "sha512-uaIjxokhFidJP+bmmvKSgiMzj2sV5GPHaZVAIktcxcpCyBFFWO+YlikVAdhmUo2vYFvFhOXIAlldqV29L8126g=="
    },
    "bare-path@3.0.0": {
      "integrity": "sha512-tyfW2cQcB5NN8Saijrhqn0Zh7AnFNsnczRcuWODH0eYAXBsJ5gVxAUuNr7tsHSC6IZ77cA0SitzT+s47kot8Mw==",
      "dependencies": [
        "bare-os"
      ]
    },
    "bare-stream@2.6.5_bare-events@2.5.4": {
      "integrity": "sha512-jSmxKJNJmHySi6hC42zlZnq00rga4jjxcgNZjY9N5WlOe/iOoGRtdwGsHzQv2RlH2KOYMwGUXhf2zXd32BA9RA==",
      "dependencies": [
        "bare-events",
        "streamx"
      ],
      "optionalPeers": [
        "bare-events"
      ]
    },
    "basic-ftp@5.0.5": {
      "integrity": "sha512-4Bcg1P8xhUuqcii/S0Z9wiHIrQVPMermM1any+MX5GeGD7faD3/msQUDGLol9wOcz4/jbg/WJnGqoJF6LiBdtg=="
    },
    "boolbase@1.0.0": {
      "integrity": "sha512-JZOSA7Mo9sNGB8+UjSgzdLtokWAky1zbztM3WRLCbZ70/3cTANmQmOdR7y2g+J0e2WXywy1yS468tY+IruqEww=="
    },
    "buffer-crc32@0.2.13": {
      "integrity": "sha512-VO9Ht/+p3SN7SKWqcrgEzjGbRSJYTx+Q1pTQC0wrWqHx0vpJraQ6GtHx8tvcg1rlK1byhU5gccxgOgj7B0TDkQ=="
    },
    "callsites@3.1.0": {
      "integrity": "sha512-P8BjAsXvZS+VIDUI11hHCQEv74YT67YUi5JJFNWIqL235sBmjX4+qx9Muvls5ivyNENctx46xQLQ3aTuE7ssaQ=="
    },
    "cheerio-select@2.1.0": {
      "integrity": "sha512-9v9kG0LvzrlcungtnJtpGNxY+fzECQKhK4EGJX2vByejiMX84MFNQw4UxPJl3bFbTMw+Dfs37XaIkCwTZfLh4g==",
      "dependencies": [
        "boolbase",
        "css-select",
        "css-what",
        "domelementtype",
        "domhandler",
        "domutils"
      ]
    },
    "cheerio@1.1.0": {
      "integrity": "sha512-+0hMx9eYhJvWbgpKV9hN7jg0JcwydpopZE4hgi+KvQtByZXPp04NiCWU0LzcAbP63abZckIHkTQaXVF52mX3xQ==",
      "dependencies": [
        "cheerio-select",
        "dom-serializer",
        "domhandler",
        "domutils",
        "encoding-sniffer",
        "htmlparser2@10.0.0",
        "parse5",
        "parse5-htmlparser2-tree-adapter",
        "parse5-parser-stream",
        "undici",
        "whatwg-mimetype"
      ]
    },
    "cheerio_cms@1.0.0": {
      "integrity": "sha512-rP/r4armpfvbsHgy+alNMCJl8j4+lva6uInyDIoxZehqByUXyfQGf5tzhIKlXjin9KR+F1mGJJVcn/oAaq8WGA==",
      "dependencies": [
        "cheerio"
      ]
    },
    "chromium-bidi@5.1.0_devtools-protocol@0.0.1452169": {
      "integrity": "sha512-9MSRhWRVoRPDG0TgzkHrshFSJJNZzfY5UFqUMuksg7zL1yoZIZ3jLB0YAgHclbiAxPI86pBnwDX1tbzoiV8aFw==",
      "dependencies": [
        "devtools-protocol",
        "mitt",
        "zod"
      ]
    },
    "cliui@8.0.1": {
      "integrity": "sha512-BSeNnyus75C4//NQ9gQt1/csTXyo/8Sb+afLAkzAptFuMsod9HFokGNudZpi/oQV73hnVK+sR+5PVRMd+Dr7YQ==",
      "dependencies": [
        "string-width",
        "strip-ansi",
        "wrap-ansi"
      ]
    },
    "color-convert@2.0.1": {
      "integrity": "sha512-RRECPsj7iu/xb5oKYcsFHSppFNnsj/52OVTRKb4zP5onXwVF3zVmmToNcOfGC+CRDpfK/U584fMg38ZHCaElKQ==",
      "dependencies": [
        "color-name"
      ]
    },
    "color-name@1.1.4": {
      "integrity": "sha512-dOy+3AuW3a2wNbZHIuMZpTcgjGuLU/uBL/ubcZF9OXbDo8ff4O8yVp5Bf0efS8uEoYo5q4Fx7dY9OgQGXgAsQA=="
    },
    "commander@8.3.0": {
      "integrity": "sha512-OkTL9umf+He2DZkUq8f8J9of7yL6RJKI24dVITBmNfZBmri9zYZQrKkuXiKhyfPSu8tUhnVBB1iKXevvnlR4Ww=="
    },
    "cosmiconfig@9.0.0": {
      "integrity": "sha512-itvL5h8RETACmOTFc4UfIyB2RfEHi71Ax6E/PivVxq9NseKbOWpeyHEOIbmAw1rs8Ak0VursQNww7lf7YtUwzg==",
      "dependencies": [
        "env-paths",
        "import-fresh",
        "js-yaml",
        "parse-json"
      ]
    },
    "css-select@5.1.0": {
      "integrity": "sha512-nwoRF1rvRRnnCqqY7updORDsuqKzqYJ28+oSMaJMMgOauh3fvwHqMS7EZpIPqK8GL+g9mKxF1vP/ZjSeNjEVHg==",
      "dependencies": [
        "boolbase",
        "css-what",
        "domhandler",
        "domutils",
        "nth-check"
      ]
    },
    "css-what@6.1.0": {
      "integrity": "sha512-HTUrgRJ7r4dsZKU6GjmpfRK1O76h97Z8MfS1G0FozR+oF2kG6Vfe8JE6zwrkbxigziPHinCJ+gCPjA9EaBDtRw=="
    },
    "data-uri-to-buffer@6.0.2": {
      "integrity": "sha512-7hvf7/GW8e86rW0ptuwS3OcBGDjIi6SZva7hCyWC0yYry2cOPmLIjXAUHI6DK2HsnwJd9ifmt57i8eV2n4YNpw=="
    },
    "debug@4.4.1": {
      "integrity": "sha512-KcKCqiftBJcZr++7ykoDIEwSa3XWowTfNPo92BYxjXiyYEVrUQh2aLyhxBCwww+heortUFxEJYcRzosstTEBYQ==",
      "dependencies": [
        "ms"
      ]
    },
    "deepmerge@4.3.1": {
      "integrity": "sha512-3sUqbMEc77XqpdNO7FRyRog+eW3ph+GYCbj+rK+uYyRMuwsVy0rMiVtPn+QJlKFvWP/1PYpapqYn0Me2knFn+A=="
    },
    "degenerator@5.0.1": {
      "integrity": "sha512-TllpMR/t0M5sqCXfj85i4XaAzxmS5tVA16dqvdkMwGmzI+dXLXnw3J+3Vdv7VKw+ThlTMboK6i9rnZ6Nntj5CQ==",
      "dependencies": [
        "ast-types",
        "escodegen",
        "esprima"
      ]
    },
    "devtools-protocol@0.0.1452169": {
      "integrity": "sha512-FOFDVMGrAUNp0dDKsAU1TorWJUx2JOU1k9xdgBKKJF3IBh/Uhl2yswG5r3TEAOrCiGY2QRp1e6LVDQrCsTKO4g=="
    },
    "dom-serializer@2.0.0": {
      "integrity": "sha512-wIkAryiqt/nV5EQKqQpo3SToSOV9J0DnbJqwK7Wv/Trc92zIAYZ4FlMu+JPFW1DfGFt81ZTCGgDEabffXeLyJg==",
      "dependencies": [
        "domelementtype",
        "domhandler",
        "entities@4.5.0"
      ]
    },
    "domelementtype@2.3.0": {
      "integrity": "sha512-OLETBj6w0OsagBwdXnPdN0cnMfF9opN69co+7ZrbfPGrdpPVNBUj02spi6B1N7wChLQiPn4CSH/zJvXw56gmHw=="
    },
    "domhandler@5.0.3": {
      "integrity": "sha512-cgwlv/1iFQiFnU96XXgROh8xTeetsnJiDsTc7TYCLFd9+/WNkIqPTxiM/8pSd8VIrhXGTf1Ny1q1hquVqDJB5w==",
      "dependencies": [
        "domelementtype"
      ]
    },
    "domutils@3.2.2": {
      "integrity": "sha512-6kZKyUajlDuqlHKVX1w7gyslj9MPIXzIFiz/rGu35uC1wMi+kMhQwGhl4lt9unC9Vb9INnY9Z3/ZA3+FhASLaw==",
      "dependencies": [
        "dom-serializer",
        "domelementtype",
        "domhandler"
      ]
    },
    "emoji-regex@8.0.0": {
      "integrity": "sha512-MSjYzcWNOA0ewAHpz0MxpYFvwg6yjy1NG3xteoqz644VCo/RPgnr1/GGt+ic3iJTzQ8Eu3TdM14SawnVUmGE6A=="
    },
    "encoding-sniffer@0.2.1": {
      "integrity": "sha512-5gvq20T6vfpekVtqrYQsSCFZ1wEg5+wW0/QaZMWkFr6BqD3NfKs0rLCx4rrVlSWJeZb5NBJgVLswK/w2MWU+Gw==",
      "dependencies": [
        "iconv-lite",
        "whatwg-encoding"
      ]
    },
    "end-of-stream@1.4.5": {
      "integrity": "sha512-ooEGc6HP26xXq/N+GCGOT0JKCLDGrq2bQUZrQ7gyrJiZANJ/8YDTxTpQBXGMn+WbIQXNVpyWymm7KYVICQnyOg==",
      "dependencies": [
        "once"
      ]
    },
    "entities@4.5.0": {
      "integrity": "sha512-V0hjH4dGPh9Ao5p0MoRY6BVqtwCjhz6vI5LT8AJ55H+4g9/4vbHx1I54fS0XuclLhDHArPQCiMjDxjaL8fPxhw=="
    },
    "entities@6.0.1": {
      "integrity": "sha512-aN97NXWF6AWBTahfVOIrB/NShkzi5H7F9r1s9mD3cDj4Ko5f2qhhVoYMibXF7GlLveb/D2ioWay8lxI97Ven3g=="
    },
    "env-paths@2.2.1": {
      "integrity": "sha512-+h1lkLKhZMTYjog1VEpJNG7NZJWcuc2DDk/qsqSTRRCOXiLjeQ1d1/udrUGhqMxUgAlwKNZ0cf2uqan5GLuS2A=="
    },
    "error-ex@1.3.2": {
      "integrity": "sha512-7dFHNmqeFSEt2ZBsCriorKnn3Z2pj+fd9kmI6QoWw4//DL+icEBfc0U7qJCisqrTsKTjw4fNFy2pW9OqStD84g==",
      "dependencies": [
        "is-arrayish"
      ]
    },
    "escalade@3.2.0": {
      "integrity": "sha512-WUj2qlxaQtO4g6Pq5c29GTcWGDyd8itL8zTlipgECz3JesAiiOKotd8JU6otB3PACgG6xkJUyVhboMS+bje/jA=="
    },
    "escape-string-regexp@4.0.0": {
      "integrity": "sha512-TtpcNJ3XAzx3Gq8sWRzJaVajRs0uVxA2YAkdb1jm2YkPz4G6egUFAyA3n5vtEIZefPk5Wa4UXbKuS5fKkJWdgA=="
    },
    "escodegen@2.1.0": {
      "integrity": "sha512-2NlIDTwUWJN0mRPQOdtQBzbUHvdGY2P1VXSyU83Q3xKxM7WHX2Ql8dKq782Q9TgQUNOLEzEYu9bzLNj1q88I5w==",
      "dependencies": [
        "esprima",
        "estraverse",
        "esutils"
      ],
      "optionalDependencies": [
        "source-map"
      ],
      "bin": true
    },
    "esprima@4.0.1": {
      "integrity": "sha512-eGuFFw7Upda+g4p+QHvnW0RyTX/SVeJBDM/gCtMARO0cLuT2HcEKnTPvhjV6aGeqrCB/sbNop0Kszm0jsaWU4A==",
      "bin": true
    },
    "estraverse@5.3.0": {
      "integrity": "sha512-MMdARuVEQziNTeJD8DgMqmhwR11BRQ/cBP+pLtYdSTnf3MIO8fFeiINEbX36ZdNlfU/7A9f3gUw49B3oQsvwBA=="
    },
    "esutils@2.0.3": {
      "integrity": "sha512-kVscqXk4OCp68SZ0dkgEKVi6/8ij300KBWTJq32P/dYeWTSwK41WyTxalN1eRmA5Z9UU/LX9D7FWSmV9SAYx6g=="
    },
    "eta@3.5.0": {
      "integrity": "sha512-e3x3FBvGzeCIHhF+zhK8FZA2vC5uFn6b4HJjegUbIWrDb4mJ7JjTGMJY9VGIbRVpmSwHopNiaJibhjIr+HfLug=="
    },
    "extract-zip@2.0.1": {
      "integrity": "sha512-GDhU9ntwuKyGXdZBUgTIe+vXnWj0fppUEtMDL0+idd5Sta8TGpHssn/eusA9mrPr9qNDym6SxAYZjNvCn/9RBg==",
      "dependencies": [
        "debug",
        "get-stream",
        "yauzl"
      ],
      "optionalDependencies": [
        "@types/yauzl"
      ],
      "bin": true
    },
    "fast-fifo@1.3.2": {
      "integrity": "sha512-/d9sfos4yxzpwkDkuN7k2SqFKtYNmCTzgfEpz82x34IM9/zc8KGxQoXg1liNC/izpRM/MBdt44Nmx41ZWqk+FQ=="
    },
    "fd-slicer@1.1.0": {
      "integrity": "sha512-cE1qsB/VwyQozZ+q1dGxR8LBYNZeofhEdUNGSMbQD3Gw2lAzX9Zb3uIU6Ebc/Fmyjo9AWWfnn0AUCHqtevs/8g==",
      "dependencies": [
        "pend"
      ]
    },
    "get-caller-file@2.0.5": {
      "integrity": "sha512-DyFP3BM/3YHTQOCUL/w0OZHR0lpKeGrxotcHWcqNEdnltqFwXVfhEBQ94eIo34AfQpo0rGki4cyIiftY06h2Fg=="
    },
    "get-stream@5.2.0": {
      "integrity": "sha512-nBF+F1rAZVCu/p7rjzgA+Yb4lfYXrpl7a6VmJrU8wF9I1CKvP/QwPNZHnOlwbTkY6dvtFIzFMSyQXbLoTQPRpA==",
      "dependencies": [
        "pump"
      ]
    },
    "get-uri@6.0.4": {
      "integrity": "sha512-E1b1lFFLvLgak2whF2xDBcOy6NLVGZBqqjJjsIhvopKfWWEi64pLVTWWehV8KlLerZkfNTA95sTe2OdJKm1OzQ==",
      "dependencies": [
        "basic-ftp",
        "data-uri-to-buffer",
        "debug"
      ]
    },
    "github-slugger@2.0.0": {
      "integrity": "sha512-IaOQ9puYtjrkq7Y0Ygl9KDZnrf/aiUJYUpVf89y8kyaxbRG7Y1SrX/jaumrv81vc61+kiMempujsM3Yw7w5qcw=="
    },
    "he@1.2.0": {
      "integrity": "sha512-F/1DnUGPopORZi0ni+CvrCgHQ5FyEAHRLSApuYWMmrbSwoN2Mn/7k+Gl38gJnR7yyDZk6WLXwiGod1JOWNDKGw==",
      "bin": true
    },
    "htmlparser2@10.0.0": {
      "integrity": "sha512-TwAZM+zE5Tq3lrEHvOlvwgj1XLWQCtaaibSN11Q+gGBAS7Y1uZSWwXXRe4iF6OXnaq1riyQAPFOBtYc77Mxq0g==",
      "dependencies": [
        "domelementtype",
        "domhandler",
        "domutils",
        "entities@6.0.1"
      ]
    },
    "htmlparser2@8.0.2": {
      "integrity": "sha512-GYdjWKDkbRLkZ5geuHs5NY1puJ+PXwP7+fHPRz06Eirsb9ugf6d8kkXav6ADhcODhFFPMIXyxkxSuMf3D6NCFA==",
      "dependencies": [
        "domelementtype",
        "domhandler",
        "domutils",
        "entities@4.5.0"
      ]
    },
    "http-proxy-agent@7.0.2": {
      "integrity": "sha512-T1gkAiYYDWYx3V5Bmyu7HcfcvL7mUrTWiM6yOfa3PIphViJ/gFPbvidQ+veqSOHci/PxBcDabeUNCzpOODJZig==",
      "dependencies": [
        "agent-base",
        "debug"
      ]
    },
    "https-proxy-agent@7.0.6": {
      "integrity": "sha512-vK9P5/iUfdl95AI+JVyUuIcVtd4ofvtrOr3HNtM2yxC9bnMbEdp3x01OhQNnjb8IJYi38VlTE3mBXwcfvywuSw==",
      "dependencies": [
        "agent-base",
        "debug"
      ]
    },
    "iconv-lite@0.6.3": {
      "integrity": "sha512-4fCk79wshMdzMp2rH06qWrJE4iolqLhCUH+OiuIgU++RB0+94NlDL81atO7GX55uUKueo0txHNtvEyI6D7WdMw==",
      "dependencies": [
        "safer-buffer"
      ]
    },
    "import-fresh@3.3.1": {
      "integrity": "sha512-TR3KfrTZTYLPB6jUjfx6MF9WcWrHL9su5TObK4ZkYgBdWKPOFoSoQIdEuTuR82pmtxH2spWG9h6etwfr1pLBqQ==",
      "dependencies": [
        "parent-module",
        "resolve-from"
      ]
    },
    "ip-address@9.0.5": {
      "integrity": "sha512-zHtQzGojZXTwZTHQqra+ETKd4Sn3vgi7uBmlPoXVWZqYvuKmtI0l/VZTjqGmJY9x88GGOaZ9+G9ES8hC4T4X8g==",
      "dependencies": [
        "jsbn",
        "sprintf-js"
      ]
    },
    "is-arrayish@0.2.1": {
      "integrity": "sha512-zz06S8t0ozoDXMG+ube26zeCTNXcKIPJZJi8hBrF4idCLms4CG9QtK7qBl1boi5ODzFpjswb5JPmHCbMpjaYzg=="
    },
    "is-fullwidth-code-point@3.0.0": {
      "integrity": "sha512-zymm5+u+sCsSWyD9qNaejV3DFvhCKclKdizYaJUuHA83RLjb7nSuGnddCHGv0hk+KY7BMAlsWeK4Ueg6EV6XQg=="
    },
    "is-plain-object@5.0.0": {
      "integrity": "sha512-VRSzKkbMm5jMDoKLbltAkFQ5Qr7VDiTFGXxYFXXowVj387GeGNOCsOH6Msy00SGZ3Fp84b1Naa1psqgcCIEP5Q=="
    },
    "js-tokens@4.0.0": {
      "integrity": "sha512-RdJUflcE3cUzKiMqQgsCu06FPu9UdIJO0beYbPhHN4k6apgJtifcoCtT9bcxOpYBtpD2kCM6Sbzg4CausW/PKQ=="
    },
    "js-yaml@4.1.0": {
      "integrity": "sha512-wpxZs9NoxZaJESJGIZTyDEaYpl0FKSA+FB9aJiyemKhMwkxQg63h4T1KJgUGHpTqPDNRcmmYLugrRjJlBtWvRA==",
      "dependencies": [
        "argparse"
      ],
      "bin": true
    },
    "jsbn@1.1.0": {
      "integrity": "sha512-4bYVV3aAMtDTTu4+xsDYa6sy9GyJ69/amsu9sYF2zqjiEoZA5xJi3BrfX3uY+/IekIu7MwdObdbDWpoZdBv3/A=="
    },
    "json-parse-even-better-errors@2.3.1": {
      "integrity": "sha512-xyFwyhro/JEof6Ghe2iz2NcXoj2sloNsWr/XsERDK/oiPCfaNhl5ONfp+jQdAZRQQ0IJWNzH9zIZF7li91kh2w=="
    },
    "katex@0.16.22": {
      "integrity": "sha512-XCHRdUw4lf3SKBaJe4EvgqIuWwkPSo9XoeO8GjQW94Bp7TWv9hNhzZjZ+OH9yf1UmLygb7DIT5GSFQiyt16zYg==",
      "dependencies": [
        "commander"
      ],
      "bin": true
    },
    "lines-and-columns@1.2.4": {
      "integrity": "sha512-7ylylesZQ/PV29jhEDl3Ufjo6ZX7gCqJr5F7PKrqc93v7fzSymt1BpwEU8nAUXs8qzzvqhbjhK5QZg6Mt/HkBg=="
    },
    "livecodes@0.11.1": {
      "integrity": "sha512-v+TF4pD4wVk+7jYV7WD+PGMxU/zWlATZ80Y7ze6gAgPCJMdWNwbz5Y16+BSbwmfPjFeyMTSGWSYuiCEwEBkSzw=="
    },
    "lru-cache@7.18.3": {
      "integrity": "sha512-jumlc0BIUrS3qJGgIkWZsyfAM7NCWiBcCDhnd+3NNM5KbBmLTgHVfWBcg6W+rLUsIpzpERPsvwUP7CckAQSOoA=="
    },
    "marked-alert@2.1.2_marked@12.0.2": {
      "integrity": "sha512-EFNRZ08d8L/iEIPLTlQMDjvwIsj03gxWCczYTht6DCiHJIZhMk4NK5gtPY9UqAYb09eV5VGT+jD4lp396E0I+w==",
      "dependencies": [
        "marked"
      ]
    },
    "marked-footnote@1.2.4_marked@12.0.2": {
      "integrity": "sha512-DB2Kl+wFh6YwZd70qABMY6WUkG1UuyqoNTFoDfGyG79Pz24neYtLBkB+45a7o72V7gkfvbC3CGzIYFobxfMT1Q==",
      "dependencies": [
        "marked"
      ]
    },
    "marked-gfm-heading-id@3.2.0_marked@12.0.2": {
      "integrity": "sha512-Xfxpr5lXLDLY10XqzSCA9l2dDaiabQUgtYM9hw8yunyVsB/xYBRpiic6BOiY/EAJw1ik1eWr1ET1HKOAPZBhXg==",
      "dependencies": [
        "github-slugger",
        "marked"
      ]
    },
    "marked@12.0.2": {
      "integrity": "sha512-qXUm7e/YKFoqFPYPa3Ukg9xlI5cyAtGmyEIzMfW//m6kXwCy2Ps9DYf5ioijFKQ8qyuscrHoY04iJGctu2Kg0Q==",
      "bin": true
    },
    "mitt@3.0.1": {
      "integrity": "sha512-vKivATfr97l2/QBCYAkXYDbrIWPM2IIKEl7YPhjCvKlG3kE2gm+uBo6nEXK3M5/Ffh/FLpKExzOQ3JJoJGFKBw=="
    },
    "ms@2.1.3": {
      "integrity": "sha512-6FlzubTLZG3J2a/NVCAleEhjzq5oxgHyaCU9yYXvcLsvoVaHJq/s5xXI6/XXP6tz7R9xAOtHnSO/tXtF3WRTlA=="
    },
    "nanoid@3.3.11": {
      "integrity": "sha512-N8SpfPUnUp1bK+PMYW8qSWdl9U+wwNWI4QKxOYDy9JAro3WMX7p2OeVRF9v+347pnakNevPmiHhNmZ2HbFA76w==",
      "bin": true
    },
    "netmask@2.0.2": {
      "integrity": "sha512-dBpDMdxv9Irdq66304OLfEmQ9tbNRFnFTuZiLo+bD+r332bBmMJ8GBLXklIXXgxd3+v9+KUnZaUR5PJMa75Gsg=="
    },
    "nth-check@2.1.1": {
      "integrity": "sha512-lqjrjmaOoAnWfMmBPL+XNnynZh2+swxiX3WUE0s4yEHI6m+AwrK2UZOimIRl3X/4QctVqS8AiZjFqyOGrMXb/w==",
      "dependencies": [
        "boolbase"
      ]
    },
    "once@1.4.0": {
      "integrity": "sha512-lNaJgI+2Q5URQBkccEKHTQOPaXdUxnZZElQTZY0MFUAuaEqe1E+Nyvgdz/aIyNi6Z9MzO5dv1H8n58/GELp3+w==",
      "dependencies": [
        "wrappy"
      ]
    },
    "pac-proxy-agent@7.2.0": {
      "integrity": "sha512-TEB8ESquiLMc0lV8vcd5Ql/JAKAoyzHFXaStwjkzpOpC5Yv+pIzLfHvjTSdf3vpa2bMiUQrg9i6276yn8666aA==",
      "dependencies": [
        "@tootallnate/quickjs-emscripten",
        "agent-base",
        "debug",
        "get-uri",
        "http-proxy-agent",
        "https-proxy-agent",
        "pac-resolver",
        "socks-proxy-agent"
      ]
    },
    "pac-resolver@7.0.1": {
      "integrity": "sha512-5NPgf87AT2STgwa2ntRMr45jTKrYBGkVU36yT0ig/n/GMAa3oPqhZfIQ2kMEimReg0+t9kZViDVZ83qfVUlckg==",
      "dependencies": [
        "degenerator",
        "netmask"
      ]
    },
    "parent-module@1.0.1": {
      "integrity": "sha512-GQ2EWRpQV8/o+Aw8YqtfZZPfNRWZYkbidE9k5rpl/hC3vtHHBfGm2Ifi6qWV+coDGkrUKZAxE3Lot5kcsRlh+g==",
      "dependencies": [
        "callsites"
      ]
    },
    "parse-json@5.2.0": {
      "integrity": "sha512-ayCKvm/phCGxOkYRSCM82iDwct8/EonSEgCSxWxD7ve6jHggsFl4fZVQBPRNgQoKiuV/odhFrGzQXZwbifC8Rg==",
      "dependencies": [
        "@babel/code-frame",
        "error-ex",
        "json-parse-even-better-errors",
        "lines-and-columns"
      ]
    },
    "parse-srcset@1.0.2": {
      "integrity": "sha512-/2qh0lav6CmI15FzA3i/2Bzk2zCgQhGMkvhOhKNcBVQ1ldgpbfiNTVslmooUmWJcADi1f1kIeynbDRVzNlfR6Q=="
    },
    "parse5-htmlparser2-tree-adapter@7.1.0": {
      "integrity": "sha512-ruw5xyKs6lrpo9x9rCZqZZnIUntICjQAd0Wsmp396Ul9lN/h+ifgVV1x1gZHi8euej6wTfpqX8j+BFQxF0NS/g==",
      "dependencies": [
        "domhandler",
        "parse5"
      ]
    },
    "parse5-parser-stream@7.1.2": {
      "integrity": "sha512-JyeQc9iwFLn5TbvvqACIF/VXG6abODeB3Fwmv/TGdLk2LfbWkaySGY72at4+Ty7EkPZj854u4CrICqNk2qIbow==",
      "dependencies": [
        "parse5"
      ]
    },
    "parse5@7.3.0": {
      "integrity": "sha512-IInvU7fabl34qmi9gY8XOVxhYyMyuH2xUNpb2q8/Y+7552KlejkRvqvD19nMoUW/uQGGbqNpA6Tufu5FL5BZgw==",
      "dependencies": [
        "entities@6.0.1"
      ]
    },
    "pend@1.2.0": {
      "integrity": "sha512-F3asv42UuXchdzt+xXqfW1OGlVBe+mxa2mqI0pg5yAHZPvFmY3Y6drSf/GQ1A86WgWEN9Kzh/WrgKa6iGcHXLg=="
    },
    "picocolors@1.1.1": {
      "integrity": "sha512-xceH2snhtb5M9liqDsmEw56le376mTZkEX/jEb/RxNFyegNul7eNslCXP9FDj/Lcu0X8KEyMceP2ntpaHrDEVA=="
    },
    "postcss@8.5.6": {
      "integrity": "sha512-3Ybi1tAuwAP9s0r1UQ2J4n5Y0G05bJkpUIO0/bI9MhwmD70S5aTWbXGBwxHrelT+XM1k6dM0pk+SwNkpTRN7Pg==",
      "dependencies": [
        "nanoid",
        "picocolors",
        "source-map-js"
      ]
    },
    "prismjs@1.30.0": {
      "integrity": "sha512-DEvV2ZF2r2/63V+tK8hQvrR2ZGn10srHbXviTlcv7Kpzw8jWiNTqbVgjO3IY8RxrrOUF8VPMQQFysYYYv0YZxw=="
    },
    "progress@2.0.3": {
      "integrity": "sha512-7PiHtLll5LdnKIMw100I+8xJXR5gW2QwWYkT6iJva0bXitZKa/XMrSbdmg3r2Xnaidz9Qumd0VPaMrZlF9V9sA=="
    },
    "proxy-agent@6.5.0": {
      "integrity": "sha512-TmatMXdr2KlRiA2CyDu8GqR8EjahTG3aY3nXjdzFyoZbmB8hrBsTyMezhULIXKnC0jpfjlmiZ3+EaCzoInSu/A==",
      "dependencies": [
        "agent-base",
        "debug",
        "http-proxy-agent",
        "https-proxy-agent",
        "lru-cache",
        "pac-proxy-agent",
        "proxy-from-env",
        "socks-proxy-agent"
      ]
    },
    "proxy-from-env@1.1.0": {
      "integrity": "sha512-D+zkORCbA9f1tdWRK0RaCR3GPv50cMxcrz4X8k5LTSUD1Dkw47mKJEZQNunItRTkWwgtaUSo1RVFRIG9ZXiFYg=="
    },
    "pump@3.0.3": {
      "integrity": "sha512-todwxLMY7/heScKmntwQG8CXVkWUOdYxIvY2s0VWAAMh/nd8SoYiRaKjlr7+iCs984f2P8zvrfWcDDYVb73NfA==",
      "dependencies": [
        "end-of-stream",
        "once"
      ]
    },
    "puppeteer-core@24.10.1_devtools-protocol@0.0.1452169": {
      "integrity": "sha512-AE6doA9znmEEps/pC5lc9p0zejCdNLR6UBp3EZ49/15Nbvh+uklXxGox7Qh8/lFGqGVwxInl0TXmsOmIuIMwiQ==",
      "dependencies": [
        "@puppeteer/browsers",
        "chromium-bidi",
        "debug",
        "devtools-protocol",
        "typed-query-selector",
        "ws"
      ]
    },
    "puppeteer@24.10.1_devtools-protocol@0.0.1452169": {
      "integrity": "sha512-7T3rfSaaPt5A31VITV5YKQ4wPCCv4aPn8byDaV+9lhDU9v7BWYY4Ncwerw3ZR5mIolrh/PvzGdIDK7yiBth75g==",
      "dependencies": [
        "@puppeteer/browsers",
        "chromium-bidi",
        "cosmiconfig",
        "devtools-protocol",
        "puppeteer-core",
        "typed-query-selector"
      ],
      "scripts": true,
      "bin": true
    },
    "require-directory@2.1.1": {
      "integrity": "sha512-fGxEI7+wsG9xrvdjsrlmL22OMTTiHRwAMroiEeMgq8gzoLC/PQr7RsRDSTLUg/bZAZtF+TVIkHc6/4RIKrui+Q=="
    },
    "resolve-from@4.0.0": {
      "integrity": "sha512-pb/MYmXstAkysRFx8piNI1tGFNQIFA3vkE3Gq4EuA1dF6gHp/+vgZqsCGJapvy8N3Q+4o7FwvquPJcnZ7RYy4g=="
    },
    "safer-buffer@2.1.2": {
      "integrity": "sha512-YZo3K82SD7Riyi0E1EQPojLz7kpepnSQI9IyPbHHg1XXXevb5dJI7tpyN2ADxGcQbHG7vcyRHk0cbwqcQriUtg=="
    },
    "sanitize-html@2.17.0": {
      "integrity": "sha512-dLAADUSS8rBwhaevT12yCezvioCA+bmUTPH/u57xKPT8d++voeYE6HeluA/bPbQ15TwDBG2ii+QZIEmYx8VdxA==",
      "dependencies": [
        "deepmerge",
        "escape-string-regexp",
        "htmlparser2@8.0.2",
        "is-plain-object",
        "parse-srcset",
        "postcss"
      ]
    },
    "semver@7.7.2": {
      "integrity": "sha512-RF0Fw+rO5AMf9MAyaRXI4AV0Ulj5lMHqVxxdSgiVbixSCXoEmmX/jk0CuJw4+3SqroYO9VoUh+HcuJivvtJemA==",
      "bin": true
    },
    "smart-buffer@4.2.0": {
      "integrity": "sha512-94hK0Hh8rPqQl2xXc3HsaBoOXKV20MToPkcXvwbISWLEs+64sBq5kFgn2kJDHb1Pry9yrP0dxrCI9RRci7RXKg=="
    },
    "socks-proxy-agent@8.0.5": {
      "integrity": "sha512-HehCEsotFqbPW9sJ8WVYB6UbmIMv7kUUORIF2Nncq4VQvBfNBLibW9YZR5dlYCSUhwcD628pRllm7n+E+YTzJw==",
      "dependencies": [
        "agent-base",
        "debug",
        "socks"
      ]
    },
    "socks@2.8.5": {
      "integrity": "sha512-iF+tNDQla22geJdTyJB1wM/qrX9DMRwWrciEPwWLPRWAUEM8sQiyxgckLxWT1f7+9VabJS0jTGGr4QgBuvi6Ww==",
      "dependencies": [
        "ip-address",
        "smart-buffer"
      ]
    },
    "source-map-js@1.2.1": {
      "integrity": "sha512-UXWMKhLOwVKb728IUtQPXxfYU+usdybtUrK/8uGE8CQMvrhOpwvzDBwj0QhSL7MQc7vIsISBG8VQ8+IDQxpfQA=="
    },
    "source-map@0.6.1": {
      "integrity": "sha512-UjgapumWlbMhkBgzT7Ykc5YXUT46F0iKu8SGXq0bcwP5dz/h0Plj6enJqjz1Zbq2l5WaqYnrVbwWOWMyF3F47g=="
    },
    "sprintf-js@1.1.3": {
      "integrity": "sha512-Oo+0REFV59/rz3gfJNKQiBlwfHaSESl1pcGyABQsnnIfWOFt6JNj5gCog2U6MLZ//IGYD+nA8nI+mTShREReaA=="
    },
    "streamx@2.22.1": {
      "integrity": "sha512-znKXEBxfatz2GBNK02kRnCXjV+AA4kjZIUxeWSr3UGirZMJfTE9uiwKHobnbgxWyL/JWro8tTq+vOqAK1/qbSA==",
      "dependencies": [
        "fast-fifo",
        "text-decoder"
      ],
      "optionalDependencies": [
        "bare-events"
      ]
    },
    "string-width@4.2.3": {
      "integrity": "sha512-wKyQRQpjJ0sIp62ErSZdGsjMJWsap5oRNihHhu6G7JVO/9jIB6UyevL+tXuOqrng8j/cxKTWyWUwvSTriiZz/g==",
      "dependencies": [
        "emoji-regex",
        "is-fullwidth-code-point",
        "strip-ansi"
      ]
    },
    "strip-ansi@6.0.1": {
      "integrity": "sha512-Y38VPSHcqkFrCpFnQ9vuSXmquuv5oXOKpGeT6aGrr3o3Gc9AlVa6JBfUSOCnbxGGZF+/0ooI7KrPuUSztUdU5A==",
      "dependencies": [
        "ansi-regex"
      ]
    },
    "tar-fs@3.0.10": {
      "integrity": "sha512-C1SwlQGNLe/jPNqapK8epDsXME7CAJR5RL3GcE6KWx1d9OUByzoHVcbu1VPI8tevg9H8Alae0AApHHFGzrD5zA==",
      "dependencies": [
        "pump",
        "tar-stream"
      ],
      "optionalDependencies": [
        "bare-fs",
        "bare-path"
      ]
    },
    "tar-stream@3.1.7": {
      "integrity": "sha512-qJj60CXt7IU1Ffyc3NJMjh6EkuCFej46zUqJ4J7pqYlThyd9bO0XBTmcOIhSzZJVWfsLks0+nle/j538YAW9RQ==",
      "dependencies": [
        "b4a",
        "fast-fifo",
        "streamx"
      ]
    },
    "text-decoder@1.2.3": {
      "integrity": "sha512-3/o9z3X0X0fTupwsYvR03pJ/DjWuqqrfwBgTQzdWDiQSm9KitAyz/9WqsT2JQW7KV2m+bC2ol/zqpW37NHxLaA==",
      "dependencies": [
        "b4a"
      ]
    },
    "tslib@2.8.1": {
      "integrity": "sha512-oJFu94HQb+KVduSUQL7wnpmqnfmLsOA/nAh6b6EH0wCEoK0/mPeXU6c3wKDV83MkOuHPRHtSXKKU99IBazS/2w=="
    },
    "typed-query-selector@2.12.0": {
      "integrity": "sha512-SbklCd1F0EiZOyPiW192rrHZzZ5sBijB6xM+cpmrwDqObvdtunOHHIk9fCGsoK5JVIYXoyEp4iEdE3upFH3PAg=="
    },
    "undici-types@6.21.0": {
      "integrity": "sha512-iwDZqg0QAGrg9Rav5H4n0M64c3mkR59cJ6wQp+7C4nI0gsmExaedaYLNO44eT4AtBBwjbTiGPMlt2Md0T9H9JQ=="
    },
    "undici@7.10.0": {
      "integrity": "sha512-u5otvFBOBZvmdjWLVW+5DAc9Nkq8f24g0O9oY7qw2JVIF1VocIFoyz9JFkuVOS2j41AufeO0xnlweJ2RLT8nGw=="
    },
    "whatwg-encoding@3.1.1": {
      "integrity": "sha512-6qN4hJdMwfYBtE3YBTTHhoeuUrDBPZmbQaxWAqSALV/MeEnR5z1xd8UKud2RAkFoPkmB+hli1TZSnyi84xz1vQ==",
      "dependencies": [
        "iconv-lite"
      ]
    },
    "whatwg-mimetype@4.0.0": {
      "integrity": "sha512-QaKxh0eNIi2mE9p2vEdzfagOKHCcj1pJ56EEHGQOVxp8r9/iszLUUV7v89x9O1p/T+NlTM5W7jW6+cz4Fq1YVg=="
    },
    "wrap-ansi@7.0.0": {
      "integrity": "sha512-YVGIj2kamLSTxw6NsZjoBxfSwsn0ycdesmc4p+Q21c5zPuZ1pl+NfxVdxPtdHvmNVOQ6XSYG4AUtyt/Fi7D16Q==",
      "dependencies": [
        "ansi-styles",
        "string-width",
        "strip-ansi"
      ]
    },
    "wrappy@1.0.2": {
      "integrity": "sha512-l4Sp/DRseor9wL6EvV2+TuQn63dMkPjZ/sp9XkghTEbV9KlPS1xUsZ3u7/IQO4wxtcFB4bgpQPRcR3QCvezPcQ=="
    },
    "ws@8.18.2": {
      "integrity": "sha512-DMricUmwGZUVr++AEAe2uiVM7UoO9MAVZMDu05UQOaUII0lp+zOzLLU4Xqh/JvTqklB1T4uELaaPBKyjE1r4fQ=="
    },
    "y18n@5.0.8": {
      "integrity": "sha512-0pfFzegeDWJHJIAmTLRP2DwHjdF5s7jo9tuztdQxAhINCdvS+3nGINqPd00AphqJR/0LhANUS6/+7SCb98YOfA=="
    },
    "yargs-parser@21.1.1": {
      "integrity": "sha512-tVpsJW7DdjecAiFpbIB1e3qxIQsE6NoPc5/eTdrbbIC4h0LVsWhnoa3g+m2HclBIujHzsxZ4VJVA+GUuc2/LBw=="
    },
    "yargs@17.7.2": {
      "integrity": "sha512-7dSzzRQ++CKnNI/krKnYRV7JKKPUXMEh61soaHKg9mrWEhzFWhFnxPxGl+69cD1Ou63C13NUPCnmIcrvqCuM6w==",
      "dependencies": [
        "cliui",
        "escalade",
        "get-caller-file",
        "require-directory",
        "string-width",
        "y18n",
        "yargs-parser"
      ]
    },
    "yauzl@2.10.0": {
      "integrity": "sha512-p4a9I6X6nu6IhoGmBqAcbJy1mlC4j27vEPZX9F4L4/vZT3Lyq1VkFHw/V/PUcB9Buo+DG3iHkT0x3Qya58zc3g==",
      "dependencies": [
        "buffer-crc32",
        "fd-slicer"
      ]
    },
    "zod@3.25.67": {
      "integrity": "sha512-idA2YXwpCdqUSKRCACDE6ItZD9TZzy3OZMtpfLoh6oPR47lipysRrJfjzMqFxQ3uJuUPyUeWe1r9vLH33xO/Qw=="
    }
  },
  "remote": {
    "https://raw.githubusercontent.com/versatiles-org/versatiles-org.github.io/refs/heads/main/src/cms/page.ts": "92575a0baae58ce80a3942979c5a5427b223cf9ad8c8c495e58714b9ccccb953"
  },
  "workspace": {
    "dependencies": [
      "jsr:@deno/gfm@0.11",
      "jsr:@std/front-matter@^1.0.9",
      "jsr:@std/http@^1.0.17",
      "npm:cheerio_cms@1",
      "npm:eta@^3.5.0",
      "npm:livecodes@~0.11.1",
      "npm:puppeteer@^24.10.1"
    ]
  }
}
